
Microsoft Visual Studio Solution File, Format Version 12.00
# Visual Studio Version 16
VisualStudioVersion = 16.0.29411.108
MinimumVisualStudioVersion = 10.0.40219.1
Project("{9A19103F-16F7-4668-BE54-9A1E7A4F7556}") = "HRpest.DAL", "HRpest.DAL\HRpest.DAL.csproj", "{EC2AFC6D-1FD2-452A-BB45-EC15714DDDFA}"
EndProject
Project("{9A19103F-16F7-4668-BE54-9A1E7A4F7556}") = "HRpest.BL", "HRpest.BL\HRpest.BL.csproj", "{198D5412-8DEF-4D51-BA27-B94BE1F7187E}"
EndProject
Project("{9A19103F-16F7-4668-BE54-9A1E7A4F7556}") = "HRpest.APP", "HRpest.APP\HRpest.APP.csproj", "{376C7EAB-36E9-47FD-9F9E-7A23AE62FC7A}"
EndProject
Global
	GlobalSection(SolutionConfigurationPlatforms) = preSolution
		Debug|Any CPU = Debug|Any CPU
		Release|Any CPU = Release|Any CPU
	EndGlobalSection
	GlobalSection(ProjectConfigurationPlatforms) = postSolution
		{EC2AFC6D-1FD2-452A-BB45-EC15714DDDFA}.Debug|Any CPU.ActiveCfg = Debug|Any CPU
		{EC2AFC6D-1FD2-452A-BB45-EC15714DDDFA}.Debug|Any CPU.Build.0 = Debug|Any CPU
		{EC2AFC6D-1FD2-452A-BB45-EC15714DDDFA}.Release|Any CPU.ActiveCfg = Release|Any CPU
		{EC2AFC6D-1FD2-452A-BB45-EC15714DDDFA}.Release|Any CPU.Build.0 = Release|Any CPU
		{198D5412-8DEF-4D51-BA27-B94BE1F7187E}.Debug|Any CPU.ActiveCfg = Debug|Any CPU
		{198D5412-8DEF-4D51-BA27-B94BE1F7187E}.Debug|Any CPU.Build.0 = Debug|Any CPU
		{198D5412-8DEF-4D51-BA27-B94BE1F7187E}.Release|Any CPU.ActiveCfg = Release|Any CPU
		{198D5412-8DEF-4D51-BA27-B94BE1F7187E}.Release|Any CPU.Build.0 = Release|Any CPU
		{376C7EAB-36E9-47FD-9F9E-7A23AE62FC7A}.Debug|Any CPU.ActiveCfg = Debug|Any CPU
		{376C7EAB-36E9-47FD-9F9E-7A23AE62FC7A}.Debug|Any CPU.Build.0 = Debug|Any CPU
		{376C7EAB-36E9-47FD-9F9E-7A23AE62FC7A}.Release|Any CPU.ActiveCfg = Release|Any CPU
		{376C7EAB-36E9-47FD-9F9E-7A23AE62FC7A}.Release|Any CPU.Build.0 = Release|Any CPU
	EndGlobalSection
	GlobalSection(SolutionProperties) = preSolution
		HideSolutionNode = FALSE
	EndGlobalSection
	GlobalSection(ExtensibilityGlobals) = postSolution
		SolutionGuid = {AA92ADAF-0DB6-454A-9E22-498B9BE23924}
	EndGlobalSection
EndGlobal
