
Microsoft Visual Studio Solution File, Format Version 12.00
# Visual Studio Version 16
VisualStudioVersion = 16.0.29411.108
MinimumVisualStudioVersion = 10.0.40219.1
Project("{FAE04EC0-301F-11D3-BF4B-00C04F79EFBC}") = "HRpest", "HRpest\HRpest.csproj", "{5088C1E4-FD66-45AE-817F-28E3FC2C7D37}"
EndProject
Global
	GlobalSection(SolutionConfigurationPlatforms) = preSolution
		Debug|Any CPU = Debug|Any CPU
		Release|Any CPU = Release|Any CPU
	EndGlobalSection
	GlobalSection(ProjectConfigurationPlatforms) = postSolution
		{5088C1E4-FD66-45AE-817F-28E3FC2C7D37}.Debug|Any CPU.ActiveCfg = Debug|Any CPU
		{5088C1E4-FD66-45AE-817F-28E3FC2C7D37}.Debug|Any CPU.Build.0 = Debug|Any CPU
		{5088C1E4-FD66-45AE-817F-28E3FC2C7D37}.Release|Any CPU.ActiveCfg = Release|Any CPU
		{5088C1E4-FD66-45AE-817F-28E3FC2C7D37}.Release|Any CPU.Build.0 = Release|Any CPU
	EndGlobalSection
	GlobalSection(SolutionProperties) = preSolution
		HideSolutionNode = FALSE
	EndGlobalSection
	GlobalSection(ExtensibilityGlobals) = postSolution
		SolutionGuid = {6F713C3A-9665-43CD-92BF-EF7771F2152B}
	EndGlobalSection
EndGlobal
